<?xml version="1.0" encoding="utf-8"?>
<Project ToolsVersion="4.0" xmlns="http://schemas.microsoft.com/developer/msbuild/2003">
  <ItemGroup>
    <Filter Include="Source Files">
      <UniqueIdentifier>{4FC737F1-C7A5-4376-A066-2A32D752A2FF}</UniqueIdentifier>
      <Extensions>cpp;c;cc;cxx;def;odl;idl;hpj;bat;asm;asmx</Extensions>
    </Filter>
    <Filter Include="Header Files">
      <UniqueIdentifier>{93995380-89BD-4b04-88EB-625FBE52EBFB}</UniqueIdentifier>
      <Extensions>h;hh;hpp;hxx;hm;inl;inc;ipp;xsd</Extensions>
    </Filter>
    <Filter Include="Resource Files">
      <UniqueIdentifier>{67DA6AB6-F800-4c08-8B7A-83BB121AAD01}</UniqueIdentifier>
      <Extensions>rc;ico;cur;bmp;dlg;rc2;rct;bin;rgs;gif;jpg;jpeg;jpe;resx;tiff;tif;png;wav;mfcribbon-ms</Extensions>
    </Filter>
    <Filter Include="Resource Files\Names">
      <UniqueIdentifier>{78f60513-ec2f-42e3-8544-307abc4a935e}</UniqueIdentifier>
    </Filter>
    <Filter Include="Resource Files\Fonts">
      <UniqueIdentifier>{096f241d-39cc-4bf3-ba39-1156f590ffdb}</UniqueIdentifier>
    </Filter>
    <Filter Include="Header Files\SolarSystem">
      <UniqueIdentifier>{f8c085a7-e71c-43b2-b733-870b74b3f5eb}</UniqueIdentifier>
    </Filter>
    <Filter Include="Source Files\SolarSystem">
      <UniqueIdentifier>{d9dc7208-0a9e-46ed-a958-f77d6072aacf}</UniqueIdentifier>
    </Filter>
    <Filter Include="Header Files\MarkovChains">
      <UniqueIdentifier>{a32c1c10-c5f6-4798-b2fe-244befcb2c56}</UniqueIdentifier>
    </Filter>
    <Filter Include="Source Files\MarkovChains">
      <UniqueIdentifier>{0c525380-3ac8-49cc-aced-1aaecbd7561f}</UniqueIdentifier>
    </Filter>
    <Filter Include="Header Files\WorldGen">
      <UniqueIdentifier>{7c82c64f-2f9c-4cec-8c38-125baa31977a}</UniqueIdentifier>
    </Filter>
    <Filter Include="Source Files\WorldGen">
      <UniqueIdentifier>{53f666d8-9134-4295-af88-4f998cd4a776}</UniqueIdentifier>
    </Filter>
  </ItemGroup>
  <ItemGroup>
    <ClCompile Include="main.cpp">
      <Filter>Source Files</Filter>
    </ClCompile>
    <ClCompile Include="MathHelper.cpp">
      <Filter>Source Files</Filter>
    </ClCompile>
    <ClCompile Include="AstroObject.cpp">
      <Filter>Source Files\SolarSystem</Filter>
    </ClCompile>
    <ClCompile Include="Orbit.cpp">
      <Filter>Source Files\SolarSystem</Filter>
    </ClCompile>
    <ClCompile Include="SolarSystem.cpp">
      <Filter>Source Files\SolarSystem</Filter>
    </ClCompile>
    <ClCompile Include="NameGenerator.cpp">
      <Filter>Source Files\MarkovChains</Filter>
    </ClCompile>
    <ClCompile Include="WorldGen.cpp">
      <Filter>Source Files\WorldGen</Filter>
    </ClCompile>
    <ClCompile Include="Chunk.cpp">
      <Filter>Source Files\WorldGen</Filter>
    </ClCompile>
    <ClCompile Include="FastNoise.cpp">
      <Filter>Source Files\WorldGen</Filter>
    </ClCompile>
    <ClCompile Include="Game.cpp">
      <Filter>Source Files</Filter>
    </ClCompile>
    <ClCompile Include="Message.cpp">
      <Filter>Source Files</Filter>
    </ClCompile>
  </ItemGroup>
  <ItemGroup>
    <ClInclude Include="SGC.h">
      <Filter>Header Files</Filter>
    </ClInclude>
    <ClInclude Include="AstroObject.h">
      <Filter>Header Files\SolarSystem</Filter>
    </ClInclude>
    <ClInclude Include="Orbit.h">
      <Filter>Header Files\SolarSystem</Filter>
    </ClInclude>
    <ClInclude Include="SolarSystem.h">
      <Filter>Header Files\SolarSystem</Filter>
    </ClInclude>
    <ClInclude Include="MarkovChain.h">
      <Filter>Header Files\MarkovChains</Filter>
    </ClInclude>
    <ClInclude Include="Chain.h">
      <Filter>Header Files\MarkovChains</Filter>
    </ClInclude>
    <ClInclude Include="NameGenerator.h">
      <Filter>Header Files\MarkovChains</Filter>
    </ClInclude>
    <ClInclude Include="WorldGen.h">
      <Filter>Header Files\WorldGen</Filter>
    </ClInclude>
    <ClInclude Include="Color.h">
      <Filter>Header Files\WorldGen</Filter>
    </ClInclude>
    <ClInclude Include="Chunk.h">
      <Filter>Header Files\WorldGen</Filter>
    </ClInclude>
    <ClInclude Include="FastNoise.h">
      <Filter>Header Files\WorldGen</Filter>
    </ClInclude>
    <ClInclude Include="Game.h">
      <Filter>Header Files</Filter>
    </ClInclude>
    <ClInclude Include="MathHelper.h">
      <Filter>Header Files</Filter>
    </ClInclude>
    <ClInclude Include="Message.h">
      <Filter>Header Files</Filter>
    </ClInclude>
  </ItemGroup>
  <ItemGroup>
    <Text Include="Names\exoplanet_names.txt">
      <Filter>Resource Files\Names</Filter>
    </Text>
    <Text Include="Names\star_names.txt">
      <Filter>Resource Files\Names</Filter>
    </Text>
  </ItemGroup>
  <ItemGroup>
    <Font Include="Fonts\arial.ttf">
      <Filter>Resource Files\Fonts</Filter>
    </Font>
  </ItemGroup>
</Project>